Microsoft Visual Studio Solution File, Format Version 12.00
# Visual Studio 15
VisualStudioVersion = 15.0.26730.16
MinimumVisualStudioVersion = 10.0.40219.1
Project("{9A19103F-16F7-4668-BE54-9A1E7A4F7556}") = "ESPIOT.Api.Client", "ESPIOT.Api.Client\ESPIOT.Api.Client.csproj", "{EBF482B6-8D27-497F-81C6-F7B76A86B2FE}"
EndProject
Project("{9A19103F-16F7-4668-BE54-9A1E7A4F7556}") = "ESPIOT.Api.Contracts", "ESPIOT.Api.Contracts\ESPIOT.Api.Contracts.csproj", "{DF655760-639C-4BCC-AE4B-0DBC05658B1D}"
EndProject
Project("{9A19103F-16F7-4668-BE54-9A1E7A4F7556}") = "ESPIOT.Api.DataAccess", "ESPIOT.Api.DataAccess\ESPIOT.Api.DataAccess.csproj", "{ACA544D4-A29C-4A0A-A6AF-A448D99EA25C}"
EndProject
Project("{9A19103F-16F7-4668-BE54-9A1E7A4F7556}") = "ESPIOT.Api.Web", "ESPIOT.Api.Web\ESPIOT.Api.Web.csproj", "{BACDFB68-7148-47EB-BA26-BB020BBBD4D9}"
EndProject
Project("{9A19103F-16F7-4668-BE54-9A1E7A4F7556}") = "ESPIOT.Api.Services", "ESPIOT.Api.Services\ESPIOT.Api.Services.csproj", "{A34FD529-025B-496B-AA90-00BC3FA19829}"
EndProject
Project("{9A19103F-16F7-4668-BE54-9A1E7A4F7556}") = "ESPIOT.Api.Web.IntegrationTests", "ESPIOT.Api.Web.IntegrationTests\ESPIOT.Api.Web.IntegrationTests.csproj", "{DEB2D458-C943-45BF-9C88-40637CDF782A}"
EndProject
Project("{9A19103F-16F7-4668-BE54-9A1E7A4F7556}") = "ESPIOT.Api.DataAccess.Tests", "ESPIOT.Api.DataAccess.Tests\ESPIOT.Api.DataAccess.Tests.csproj", "{B32D3A73-D93B-4521-8A59-CBD79EBC75A4}"
EndProject
Project("{9A19103F-16F7-4668-BE54-9A1E7A4F7556}") = "ESPIOT.Api.Services.Tests", "ESPIOT.Api.Services.Tests\ESPIOT.Api.Services.Tests.csproj", "{A4B5573C-C6C4-46AA-9427-C369367AC972}"
EndProject
Project("{9A19103F-16F7-4668-BE54-9A1E7A4F7556}") = "ESPIOT.Api.Web.Tests", "ESPIOT.Api.Web.Tests\ESPIOT.Api.Web.Tests.csproj", "{D54D59E3-B416-48CC-A365-109B9FD30DFD}"
EndProject
Project("{9A19103F-16F7-4668-BE54-9A1E7A4F7556}") = "ESPIOT.Api.Client.Tests", "ESPIOT.Api.Client.Tests\ESPIOT.Api.Client.Tests.csproj", "{02B21C22-908A-4C2A-A040-1C8A639D984A}"
EndProject
Project("{9A19103F-16F7-4668-BE54-9A1E7A4F7556}") = "ESPIOT.Api.Contracts.Tests", "ESPIOT.Api.Contracts.Tests\ESPIOT.Api.Contracts.Tests.csproj", "{8346F9B6-60FF-4979-B214-0AB7C090DCC5}"
EndProject
Global
	GlobalSection(SolutionConfigurationPlatforms) = preSolution
		Debug|Any CPU = Debug|Any CPU
		Release|Any CPU = Release|Any CPU
	EndGlobalSection
	GlobalSection(ProjectConfigurationPlatforms) = postSolution
		{EBF482B6-8D27-497F-81C6-F7B76A86B2FE}.Debug|Any CPU.ActiveCfg = Debug|Any CPU
		{EBF482B6-8D27-497F-81C6-F7B76A86B2FE}.Debug|Any CPU.Build.0 = Debug|Any CPU
		{EBF482B6-8D27-497F-81C6-F7B76A86B2FE}.Release|Any CPU.ActiveCfg = Release|Any CPU
		{EBF482B6-8D27-497F-81C6-F7B76A86B2FE}.Release|Any CPU.Build.0 = Release|Any CPU
		{DF655760-639C-4BCC-AE4B-0DBC05658B1D}.Debug|Any CPU.ActiveCfg = Debug|Any CPU
		{DF655760-639C-4BCC-AE4B-0DBC05658B1D}.Debug|Any CPU.Build.0 = Debug|Any CPU
		{DF655760-639C-4BCC-AE4B-0DBC05658B1D}.Release|Any CPU.ActiveCfg = Release|Any CPU
		{DF655760-639C-4BCC-AE4B-0DBC05658B1D}.Release|Any CPU.Build.0 = Release|Any CPU
		{ACA544D4-A29C-4A0A-A6AF-A448D99EA25C}.Debug|Any CPU.ActiveCfg = Debug|Any CPU
		{ACA544D4-A29C-4A0A-A6AF-A448D99EA25C}.Debug|Any CPU.Build.0 = Debug|Any CPU
		{ACA544D4-A29C-4A0A-A6AF-A448D99EA25C}.Release|Any CPU.ActiveCfg = Release|Any CPU
		{ACA544D4-A29C-4A0A-A6AF-A448D99EA25C}.Release|Any CPU.Build.0 = Release|Any CPU
		{BACDFB68-7148-47EB-BA26-BB020BBBD4D9}.Debug|Any CPU.ActiveCfg = Debug|Any CPU
		{BACDFB68-7148-47EB-BA26-BB020BBBD4D9}.Debug|Any CPU.Build.0 = Debug|Any CPU
		{BACDFB68-7148-47EB-BA26-BB020BBBD4D9}.Release|Any CPU.ActiveCfg = Release|Any CPU
		{BACDFB68-7148-47EB-BA26-BB020BBBD4D9}.Release|Any CPU.Build.0 = Release|Any CPU
		{A34FD529-025B-496B-AA90-00BC3FA19829}.Debug|Any CPU.ActiveCfg = Debug|Any CPU
		{A34FD529-025B-496B-AA90-00BC3FA19829}.Debug|Any CPU.Build.0 = Debug|Any CPU
		{A34FD529-025B-496B-AA90-00BC3FA19829}.Release|Any CPU.ActiveCfg = Release|Any CPU
		{A34FD529-025B-496B-AA90-00BC3FA19829}.Release|Any CPU.Build.0 = Release|Any CPU
		{DEB2D458-C943-45BF-9C88-40637CDF782A}.Debug|Any CPU.ActiveCfg = Debug|Any CPU
		{DEB2D458-C943-45BF-9C88-40637CDF782A}.Debug|Any CPU.Build.0 = Debug|Any CPU
		{DEB2D458-C943-45BF-9C88-40637CDF782A}.Release|Any CPU.ActiveCfg = Release|Any CPU
		{DEB2D458-C943-45BF-9C88-40637CDF782A}.Release|Any CPU.Build.0 = Release|Any CPU
		{B32D3A73-D93B-4521-8A59-CBD79EBC75A4}.Debug|Any CPU.ActiveCfg = Debug|Any CPU
		{B32D3A73-D93B-4521-8A59-CBD79EBC75A4}.Debug|Any CPU.Build.0 = Debug|Any CPU
		{B32D3A73-D93B-4521-8A59-CBD79EBC75A4}.Release|Any CPU.ActiveCfg = Release|Any CPU
		{B32D3A73-D93B-4521-8A59-CBD79EBC75A4}.Release|Any CPU.Build.0 = Release|Any CPU
		{A4B5573C-C6C4-46AA-9427-C369367AC972}.Debug|Any CPU.ActiveCfg = Debug|Any CPU
		{A4B5573C-C6C4-46AA-9427-C369367AC972}.Debug|Any CPU.Build.0 = Debug|Any CPU
		{A4B5573C-C6C4-46AA-9427-C369367AC972}.Release|Any CPU.ActiveCfg = Release|Any CPU
		{A4B5573C-C6C4-46AA-9427-C369367AC972}.Release|Any CPU.Build.0 = Release|Any CPU
		{D54D59E3-B416-48CC-A365-109B9FD30DFD}.Debug|Any CPU.ActiveCfg = Debug|Any CPU
		{D54D59E3-B416-48CC-A365-109B9FD30DFD}.Debug|Any CPU.Build.0 = Debug|Any CPU
		{D54D59E3-B416-48CC-A365-109B9FD30DFD}.Release|Any CPU.ActiveCfg = Release|Any CPU
		{D54D59E3-B416-48CC-A365-109B9FD30DFD}.Release|Any CPU.Build.0 = Release|Any CPU
		{02B21C22-908A-4C2A-A040-1C8A639D984A}.Debug|Any CPU.ActiveCfg = Debug|Any CPU
		{02B21C22-908A-4C2A-A040-1C8A639D984A}.Debug|Any CPU.Build.0 = Debug|Any CPU
		{02B21C22-908A-4C2A-A040-1C8A639D984A}.Release|Any CPU.ActiveCfg = Release|Any CPU
		{02B21C22-908A-4C2A-A040-1C8A639D984A}.Release|Any CPU.Build.0 = Release|Any CPU
		{8346F9B6-60FF-4979-B214-0AB7C090DCC5}.Debug|Any CPU.ActiveCfg = Debug|Any CPU
		{8346F9B6-60FF-4979-B214-0AB7C090DCC5}.Debug|Any CPU.Build.0 = Debug|Any CPU
		{8346F9B6-60FF-4979-B214-0AB7C090DCC5}.Release|Any CPU.ActiveCfg = Release|Any CPU
		{8346F9B6-60FF-4979-B214-0AB7C090DCC5}.Release|Any CPU.Build.0 = Release|Any CPU
	EndGlobalSection
	GlobalSection(SolutionProperties) = preSolution
		HideSolutionNode = FALSE
	EndGlobalSection
	GlobalSection(ExtensibilityGlobals) = postSolution
		SolutionGuid = {F9857EEA-AD2F-491C-A406-819305939415}
	EndGlobalSection
EndGlobal
