Microsoft Visual Studio Solution File, Format Version 12.00
# Visual Studio 15
VisualStudioVersion = 15.0.26730.16
MinimumVisualStudioVersion = 10.0.40219.1
Project("{f301a503-8b94-4fe4-bad4-b04edacc8777}") = "FileService.Api.Client", "FileService.Api.Client/FileService.Api.Client.csproj", "{ebf482b6-8d27-497f-81c6-f7b76a86b2fe}"
	EndProject
	
Project("{f301a503-8b94-4fe4-bad4-b04edacc8777}") = "FileService.Api.Contracts", "FileService.Api.Contracts/FileService.Api.Contracts.csproj", "{df655760-639c-4bcc-ae4b-0dbc05658b1d}"
	EndProject
	
Project("{f301a503-8b94-4fe4-bad4-b04edacc8777}") = "FileService.Api.DataAccess", "FileService.Api.DataAccess/FileService.Api.DataAccess.csproj", "{aca544d4-a29c-4a0a-a6af-a448d99ea25c}"
	EndProject
	
Project("{f301a503-8b94-4fe4-bad4-b04edacc8777}") = "FileService.Api.Web", "FileService.Api.Web/FileService.Api.Web.csproj", "{bacdfb68-7148-47eb-ba26-bb020bbbd4d9}"
	EndProject
	
Project("{f301a503-8b94-4fe4-bad4-b04edacc8777}") = "FileService.Api.Services", "FileService.Api.Services/FileService.Api.Services.csproj", "{a34fd529-025b-496b-aa90-00bc3fa19829}"
	EndProject
	
Project("{f301a503-8b94-4fe4-bad4-b04edacc8777}") = "FileService.Api.Web.IntegrationTests", "FileService.Api.Web.IntegrationTests/FileService.Api.Web.IntegrationTests.csproj", "{FileService.Api.Web.IntegrationTests}"
	EndProject
	



Global
	GlobalSection(SolutionConfigurationPlatforms) = preSolution
		Debug|Any CPU = Debug|Any CPU
		Release|Any CPU = Release|Any CPU
	EndGlobalSection
	GlobalSection(ProjectConfigurationPlatforms) = postSolution
		{ebf482b6-8d27-497f-81c6-f7b76a86b2fe}.Debug|Any CPU.ActiveCfg = Debug|Any CPU
		{ebf482b6-8d27-497f-81c6-f7b76a86b2fe}.Debug|Any CPU.Build.0 = Debug|Any CPU
		{ebf482b6-8d27-497f-81c6-f7b76a86b2fe}.Release|Any CPU.ActiveCfg = Release|Any CPU
		{ebf482b6-8d27-497f-81c6-f7b76a86b2fe}.Release|Any CPU.Build.0 = Release|Any CPU
		{df655760-639c-4bcc-ae4b-0dbc05658b1d}.Debug|Any CPU.ActiveCfg = Debug|Any CPU
		{df655760-639c-4bcc-ae4b-0dbc05658b1d}.Debug|Any CPU.Build.0 = Debug|Any CPU
		{df655760-639c-4bcc-ae4b-0dbc05658b1d}.Release|Any CPU.ActiveCfg = Release|Any CPU
		{df655760-639c-4bcc-ae4b-0dbc05658b1d}.Release|Any CPU.Build.0 = Release|Any CPU
	    {aca544d4-a29c-4a0a-a6af-a448d99ea25c}.Debug|Any CPU.ActiveCfg = Debug|Any CPU
		{aca544d4-a29c-4a0a-a6af-a448d99ea25c}.Debug|Any CPU.Build.0 = Debug|Any CPU
		{aca544d4-a29c-4a0a-a6af-a448d99ea25c}.Release|Any CPU.ActiveCfg = Release|Any CPU
		{aca544d4-a29c-4a0a-a6af-a448d99ea25c}.Release|Any CPU.Build.0 = Release|Any CPU
	    {bacdfb68-7148-47eb-ba26-bb020bbbd4d9}.Debug|Any CPU.ActiveCfg = Debug|Any CPU
		{bacdfb68-7148-47eb-ba26-bb020bbbd4d9}.Debug|Any CPU.Build.0 = Debug|Any CPU
		{bacdfb68-7148-47eb-ba26-bb020bbbd4d9}.Release|Any CPU.ActiveCfg = Release|Any CPU
		{bacdfb68-7148-47eb-ba26-bb020bbbd4d9}.Release|Any CPU.Build.0 = Release|Any CPU

		        {a34fd529-025b-496b-aa90-00bc3fa19829}.Debug|Any CPU.ActiveCfg = Debug|Any CPU
		{a34fd529-025b-496b-aa90-00bc3fa19829}.Debug|Any CPU.Build.0 = Debug|Any CPU
		{a34fd529-025b-496b-aa90-00bc3fa19829}.Release|Any CPU.ActiveCfg = Release|Any CPU
		{a34fd529-025b-496b-aa90-00bc3fa19829}.Release|Any CPU.Build.0 = Release|Any CPU
		
		        {FileService.Api.Web.IntegrationTests}.Debug|Any CPU.ActiveCfg = Debug|Any CPU
		{FileService.Api.Web.IntegrationTests}.Debug|Any CPU.Build.0 = Debug|Any CPU
		{FileService.Api.Web.IntegrationTests}.Release|Any CPU.ActiveCfg = Release|Any CPU
		{FileService.Api.Web.IntegrationTests}.Release|Any CPU.Build.0 = Release|Any CPU
		
	    
		
		
			    EndGlobalSection
	GlobalSection(SolutionProperties) = preSolution
		HideSolutionNode = FALSE
	EndGlobalSection
EndGlobal